
Microsoft Visual Studio Solution File, Format Version 11.00
# Visual Studio 2010
Project("{FAE04EC0-301F-11D3-BF4B-00C04F79EFBC}") = "EdgeReports", "EdgeReports.csproj", "{4BBCEEA1-749F-4B8F-AE78-91A2E9E47478}"
EndProject
Global
	GlobalSection(TeamFoundationVersionControl) = preSolution
		SccNumberOfProjects = 2
		SccEnterpriseProvider = {4CA58AB2-18FA-4F8D-95D4-32DDF27D184C}
		SccTeamFoundationServer = https://fortunetreno.visualstudio.com/defaultcollection
		SccLocalPath0 = .
		SccProjectUniqueName1 = EdgeReports.csproj
		SccLocalPath1 = .
	EndGlobalSection
	GlobalSection(SolutionConfigurationPlatforms) = preSolution
		Debug|Any CPU = Debug|Any CPU
		Debug|x86 = Debug|x86
		Release|Any CPU = Release|Any CPU
		Release|x86 = Release|x86
	EndGlobalSection
	GlobalSection(ProjectConfigurationPlatforms) = postSolution
		{4BBCEEA1-749F-4B8F-AE78-91A2E9E47478}.Debug|Any CPU.ActiveCfg = Debug|Any CPU
		{4BBCEEA1-749F-4B8F-AE78-91A2E9E47478}.Debug|Any CPU.Build.0 = Debug|Any CPU
		{4BBCEEA1-749F-4B8F-AE78-91A2E9E47478}.Debug|x86.ActiveCfg = Debug|x86
		{4BBCEEA1-749F-4B8F-AE78-91A2E9E47478}.Debug|x86.Build.0 = Debug|x86
		{4BBCEEA1-749F-4B8F-AE78-91A2E9E47478}.Release|Any CPU.ActiveCfg = Release|Any CPU
		{4BBCEEA1-749F-4B8F-AE78-91A2E9E47478}.Release|Any CPU.Build.0 = Release|Any CPU
		{4BBCEEA1-749F-4B8F-AE78-91A2E9E47478}.Release|x86.ActiveCfg = Release|x86
		{4BBCEEA1-749F-4B8F-AE78-91A2E9E47478}.Release|x86.Build.0 = Release|x86
	EndGlobalSection
	GlobalSection(SolutionProperties) = preSolution
		HideSolutionNode = FALSE
	EndGlobalSection
EndGlobal
